
Microsoft Visual Studio Solution File, Format Version 12.00
# Visual Studio 15
VisualStudioVersion = 15.0.26730.12
MinimumVisualStudioVersion = 10.0.40219.1
Project("{2150E333-8FDC-42A3-9474-1A3956D46DE8}") = "01UI", "01UI", "{98B53698-CC67-4892-8C10-AA7268D63D60}"
EndProject
Project("{FAE04EC0-301F-11D3-BF4B-00C04F79EFBC}") = "CRM11.UI", "CRM11.UI\CRM11.UI.csproj", "{E7F2CBC0-75A9-4F97-8D48-DCCC9FFA5498}"
EndProject
Project("{2150E333-8FDC-42A3-9474-1A3956D46DE8}") = "02services", "02services", "{FA608610-0A75-4D97-96B8-715427CC3FBB}"
EndProject
Global
	GlobalSection(SolutionConfigurationPlatforms) = preSolution
		Debug|Any CPU = Debug|Any CPU
		Release|Any CPU = Release|Any CPU
	EndGlobalSection
	GlobalSection(ProjectConfigurationPlatforms) = postSolution
		{E7F2CBC0-75A9-4F97-8D48-DCCC9FFA5498}.Debug|Any CPU.ActiveCfg = Debug|Any CPU
		{E7F2CBC0-75A9-4F97-8D48-DCCC9FFA5498}.Debug|Any CPU.Build.0 = Debug|Any CPU
		{E7F2CBC0-75A9-4F97-8D48-DCCC9FFA5498}.Release|Any CPU.ActiveCfg = Release|Any CPU
		{E7F2CBC0-75A9-4F97-8D48-DCCC9FFA5498}.Release|Any CPU.Build.0 = Release|Any CPU
	EndGlobalSection
	GlobalSection(SolutionProperties) = preSolution
		HideSolutionNode = FALSE
	EndGlobalSection
	GlobalSection(NestedProjects) = preSolution
		{E7F2CBC0-75A9-4F97-8D48-DCCC9FFA5498} = {98B53698-CC67-4892-8C10-AA7268D63D60}
	EndGlobalSection
	GlobalSection(ExtensibilityGlobals) = postSolution
		SolutionGuid = {DF1E442C-C964-4952-A707-2F7651810DFC}
	EndGlobalSection
EndGlobal
